
Microsoft Visual Studio Solution File, Format Version 12.00
# Visual Studio Version 17
VisualStudioVersion = 17.6.33723.286
MinimumVisualStudioVersion = 10.0.40219.1
Project("{FAE04EC0-301F-11D3-BF4B-00C04F79EFBC}") = "kaibasic", "kaibasic\kaibasic.csproj", "{3B1AE3D8-D3E3-4F2B-9002-0BCA08728593}"
EndProject
Project("{FAE04EC0-301F-11D3-BF4B-00C04F79EFBC}") = "mykai_test", "mykai_test\mykai_test.csproj", "{C5835867-B365-47CE-90D0-E0C2D1F15FAB}"
EndProject
Project("{FAE04EC0-301F-11D3-BF4B-00C04F79EFBC}") = "mykailib", "..\mykai_lib17\mykailib\mykailib.csproj", "{FDA0F8FA-7C68-475A-AA03-73287EB84C1C}"
EndProject
Project("{FAE04EC0-301F-11D3-BF4B-00C04F79EFBC}") = "mocapture", "..\mocapture_lib17\mocapture\mocapture\mocapture.csproj", "{A7AFC08E-B808-4DF2-AAFA-46E3E15F15C6}"
EndProject
Global
	GlobalSection(SolutionConfigurationPlatforms) = preSolution
		Debug|Any CPU = Debug|Any CPU
		Release|Any CPU = Release|Any CPU
	EndGlobalSection
	GlobalSection(ProjectConfigurationPlatforms) = postSolution
		{3B1AE3D8-D3E3-4F2B-9002-0BCA08728593}.Debug|Any CPU.ActiveCfg = Debug|Any CPU
		{3B1AE3D8-D3E3-4F2B-9002-0BCA08728593}.Debug|Any CPU.Build.0 = Debug|Any CPU
		{3B1AE3D8-D3E3-4F2B-9002-0BCA08728593}.Release|Any CPU.ActiveCfg = Release|Any CPU
		{3B1AE3D8-D3E3-4F2B-9002-0BCA08728593}.Release|Any CPU.Build.0 = Release|Any CPU
		{C5835867-B365-47CE-90D0-E0C2D1F15FAB}.Debug|Any CPU.ActiveCfg = Debug|Any CPU
		{C5835867-B365-47CE-90D0-E0C2D1F15FAB}.Debug|Any CPU.Build.0 = Debug|Any CPU
		{C5835867-B365-47CE-90D0-E0C2D1F15FAB}.Release|Any CPU.ActiveCfg = Release|Any CPU
		{C5835867-B365-47CE-90D0-E0C2D1F15FAB}.Release|Any CPU.Build.0 = Release|Any CPU
		{FDA0F8FA-7C68-475A-AA03-73287EB84C1C}.Debug|Any CPU.ActiveCfg = Debug|Any CPU
		{FDA0F8FA-7C68-475A-AA03-73287EB84C1C}.Debug|Any CPU.Build.0 = Debug|Any CPU
		{FDA0F8FA-7C68-475A-AA03-73287EB84C1C}.Release|Any CPU.ActiveCfg = Release|Any CPU
		{FDA0F8FA-7C68-475A-AA03-73287EB84C1C}.Release|Any CPU.Build.0 = Release|Any CPU
		{A7AFC08E-B808-4DF2-AAFA-46E3E15F15C6}.Debug|Any CPU.ActiveCfg = Debug|Any CPU
		{A7AFC08E-B808-4DF2-AAFA-46E3E15F15C6}.Debug|Any CPU.Build.0 = Debug|Any CPU
		{A7AFC08E-B808-4DF2-AAFA-46E3E15F15C6}.Release|Any CPU.ActiveCfg = Release|Any CPU
		{A7AFC08E-B808-4DF2-AAFA-46E3E15F15C6}.Release|Any CPU.Build.0 = Release|Any CPU
	EndGlobalSection
	GlobalSection(SolutionProperties) = preSolution
		HideSolutionNode = FALSE
	EndGlobalSection
	GlobalSection(ExtensibilityGlobals) = postSolution
		SolutionGuid = {96F51A8E-69AB-49A4-80E0-D6DB4E0098A1}
	EndGlobalSection
EndGlobal
