
Microsoft Visual Studio Solution File, Format Version 12.00
# Visual Studio Version 17
VisualStudioVersion = 17.13.35913.81 d17.13
MinimumVisualStudioVersion = 10.0.40219.1
Project("{FAE04EC0-301F-11D3-BF4B-00C04F79EFBC}") = "mykailib", "mykailib.csproj", "{FDA0F8FA-7C68-475A-AA03-73287EB84C1C}"
EndProject
Global
	GlobalSection(SolutionConfigurationPlatforms) = preSolution
		Debug|Any CPU = Debug|Any CPU
		Release|Any CPU = Release|Any CPU
	EndGlobalSection
	GlobalSection(ProjectConfigurationPlatforms) = postSolution
		{FDA0F8FA-7C68-475A-AA03-73287EB84C1C}.Debug|Any CPU.ActiveCfg = Debug|Any CPU
		{FDA0F8FA-7C68-475A-AA03-73287EB84C1C}.Debug|Any CPU.Build.0 = Debug|Any CPU
		{FDA0F8FA-7C68-475A-AA03-73287EB84C1C}.Release|Any CPU.ActiveCfg = Release|Any CPU
		{FDA0F8FA-7C68-475A-AA03-73287EB84C1C}.Release|Any CPU.Build.0 = Release|Any CPU
	EndGlobalSection
	GlobalSection(SolutionProperties) = preSolution
		HideSolutionNode = FALSE
	EndGlobalSection
	GlobalSection(ExtensibilityGlobals) = postSolution
		SolutionGuid = {014B14D9-BDDC-4027-A9E7-9F392E0E6E06}
	EndGlobalSection
EndGlobal
